// !$*UTF8*$!
{
	archiveVersion = 1;
	classes = {
	};
	objectVersion = 46;
	objects = {

/* Begin PBXBuildFile section */
		F64E47DD1BC2BF3B00BA6DC7 /* main.c in Sources */ = {isa = PBXBuildFile; fileRef = F64E47DC1BC2BF3B00BA6DC7 /* main.c */; };
/* End PBXBuildFile section */

/* Begin PBXCopyFilesBuildPhase section */
		F64E47D71BC2BF3B00BA6DC7 /* CopyFiles */ = {
			isa = PBXCopyFilesBuildPhase;
			buildActionMask = 2147483647;
			dstPath = /usr/share/man/man1/;
			dstSubfolderSpec = 0;
			files = (
			);
			runOnlyForDeploymentPostprocessing = 1;
		};
/* End PBXCopyFilesBuildPhase section */

/* Begin PBXFileReference section */
		F64E47D91BC2BF3B00BA6DC7 /* BInaryConverter */ = {isa = PBXFileReference; explicitFileType = "compiled.mach-o.executable"; includeInIndex = 0; path = BInaryConverter; sourceTree = BUILT_PRODUCTS_DIR; };
		F64E47DC1BC2BF3B00BA6DC7 /* main.c */ = {isa = PBXFileReference; lastKnownFileType = sourcecode.c.c; path = main.c; sourceTree = "<group>"; };
/* End PBXFileReference section */

/* Begin PBXFrameworksBuildPhase section */
		F64E47D61BC2BF3B00BA6DC7 /* Frameworks */ = {
			isa = PBXFrameworksBuildPhase;
			buildActionMask = 2147483647;
			files = (
			);
			runOnlyForDeploymentPostprocessing = 0;
		};
/* End PBXFrameworksBuildPhase section */

/* Begin PBXGroup section */
		F64E47D01BC2BF3A00BA6DC7 = {
			isa = PBXGroup;
			children = (
				F64E47DB1BC2BF3B00BA6DC7 /* BInaryConverter */,
				F64E47DA1BC2BF3B00BA6DC7 /* Products */,
			);
			sourceTree = "<group>";
		};
		F64E47DA1BC2BF3B00BA6DC7 /* Products */ = {
			isa = PBXGroup;
			children = (
				F64E47D91BC2BF3B00BA6DC7 /* BInaryConverter */,
			);
			name = Products;
			sourceTree = "<group>";
		};
		F64E47DB1BC2BF3B00BA6DC7 /* BInaryConverter */ = {
			isa = PBXGroup;
			children = (
				F64E47DC1BC2BF3B00BA6DC7 /* main.c */,
			);
			path = BInaryConverter;
			sourceTree = "<group>";
		};
/* End PBXGroup section */

/* Begin PBXNativeTarget section */
		F64E47D81BC2BF3B00BA6DC7 /* BInaryConverter */ = {
			isa = PBXNativeTarget;
			buildConfigurationList = F64E47E01BC2BF3B00BA6DC7 /* Build configuration list for PBXNativeTarget "BInaryConverter" */;
			buildPhases = (
				F64E47D51BC2BF3B00BA6DC7 /* Sources */,
				F64E47D61BC2BF3B00BA6DC7 /* Frameworks */,
				F64E47D71BC2BF3B00BA6DC7 /* CopyFiles */,
			);
			buildRules = (
			);
			dependencies = (
			);
			name = BInaryConverter;
			productName = BInaryConverter;
			productReference = F64E47D91BC2BF3B00BA6DC7 /* BInaryConverter */;
			productType = "com.apple.product-type.tool";
		};
/* End PBXNativeTarget section */

/* Begin PBXProject section */
		F64E47D11BC2BF3A00BA6DC7 /* Project object */ = {
			isa = PBXProject;
			attributes = {
				LastUpgradeCheck = 0640;
				ORGANIZATIONNAME = "Travis Barnes";
				TargetAttributes = {
					F64E47D81BC2BF3B00BA6DC7 = {
						CreatedOnToolsVersion = 6.4;
					};
				};
			};
			buildConfigurationList = F64E47D41BC2BF3A00BA6DC7 /* Build configuration list for PBXProject "BInaryConverter" */;
			compatibilityVersion = "Xcode 3.2";
			developmentRegion = English;
			hasScannedForEncodings = 0;
			knownRegions = (
				en,
			);
			mainGroup = F64E47D01BC2BF3A00BA6DC7;
			productRefGroup = F64E47DA1BC2BF3B00BA6DC7 /* Products */;
			projectDirPath = "";
			projectRoot = "";
			targets = (
				F64E47D81BC2BF3B00BA6DC7 /* BInaryConverter */,
			);
		};
/* End PBXProject section */

/* Begin PBXSourcesBuildPhase section */
		F64E47D51BC2BF3B00BA6DC7 /* Sources */ = {
			isa = PBXSourcesBuildPhase;
			buildActionMask = 2147483647;
			files = (
				F64E47DD1BC2BF3B00BA6DC7 /* main.c in Sources */,
			);
			runOnlyForDeploymentPostprocessing = 0;
		};
/* End PBXSourcesBuildPhase section */

/* Begin XCBuildConfiguration section */
		F64E47DE1BC2BF3B00BA6DC7 /* Debug */ = {
			isa = XCBuildConfiguration;
			buildSettings = {
				ALWAYS_SEARCH_USER_PATHS = NO;
				CLANG_CXX_LANGUAGE_STANDARD = "gnu++0x";
				CLANG_CXX_LIBRARY = "libc++";
				CLANG_ENABLE_MODULES = YES;
				CLANG_ENABLE_OBJC_ARC = YES;
				CLANG_WARN_BOOL_CONVERSION = YES;
				CLANG_WARN_CONSTANT_CONVERSION = YES;
				CLANG_WARN_DIRECT_OBJC_ISA_USAGE = YES_ERROR;
				CLANG_WARN_EMPTY_BODY = YES;
				CLANG_WARN_ENUM_CONVERSION = YES;
				CLANG_WARN_INT_CONVERSION = YES;
				CLANG_WARN_OBJC_ROOT_CLASS = YES_ERROR;
				CLANG_WARN_UNREACHABLE_CODE = YES;
				CLANG_WARN__DUPLICATE_METHOD_MATCH = YES;
				COPY_PHASE_STRIP = NO;
				DEBUG_INFORMATION_FORMAT = dwarf;
				ENABLE_STRICT_OBJC_MSGSEND = YES;
				GCC_C_LANGUAGE_STANDARD = gnu99;
				GCC_DYNAMIC_NO_PIC = NO;
				GCC_NO_COMMON_BLOCKS = YES;
				GCC_OPTIMIZATION_LEVEL = 0;
				GCC_PREPROCESSOR_DEFINITIONS = (
					"DEBUG=1",
					"$(inherited)",
				);
				GCC_SYMBOLS_PRIVATE_EXTERN = NO;
				GCC_WARN_64_TO_32_BIT_CONVERSION = YES;
				GCC_WARN_ABOUT_RETURN_TYPE = YES_ERROR;
				GCC_WARN_UNDECLARED_SELECTOR = YES;
				GCC_WARN_UNINITIALIZED_AUTOS = YES_AGGRESSIVE;
				GCC_WARN_UNUSED_FUNCTION = YES;
				GCC_WARN_UNUSED_VARIABLE = YES;
				MACOSX_DEPLOYMENT_TARGET = 10.10;
				MTL_ENABLE_DEBUG_INFO = YES;
				ONLY_ACTIVE_ARCH = YES;
				SDKROOT = macosx;
			};
			name = Debug;
		};
		F64E47DF1BC2BF3B00BA6DC7 /* Release */ = {
			isa = XCBuildConfiguration;
			buildSettings = {
				ALWAYS_SEARCH_USER_PATHS = NO;
				CLANG_CXX_LANGUAGE_STANDARD = "gnu++0x";
				CLANG_CXX_LIBRARY = "libc++";
				CLANG_ENABLE_MODULES = YES;
				CLANG_ENABLE_OBJC_ARC = YES;
				CLANG_WARN_BOOL_CONVERSION = YES;
				CLANG_WARN_CONSTANT_CONVERSION = YES;
				CLANG_WARN_DIRECT_OBJC_ISA_USAGE = YES_ERROR;
				CLANG_WARN_EMPTY_BODY = YES;
				CLANG_WARN_ENUM_CONVERSION = YES;
				CLANG_WARN_INT_CONVERSION = YES;
				CLANG_WARN_OBJC_ROOT_CLASS = YES_ERROR;
				CLANG_WARN_UNREACHABLE_CODE = YES;
				CLANG_WARN__DUPLICATE_METHOD_MATCH = YES;
				COPY_PHASE_STRIP = NO;
				DEBUG_INFORMATION_FORMAT = "dwarf-with-dsym";
				ENABLE_NS_ASSERTIONS = NO;
				ENABLE_STRICT_OBJC_MSGSEND = YES;
				GCC_C_LANGUAGE_STANDARD = gnu99;
				GCC_NO_COMMON_BLOCKS = YES;
				GCC_WARN_64_TO_32_BIT_CONVERSION = YES;
				GCC_WARN_ABOUT_RETURN_TYPE = YES_ERROR;
				GCC_WARN_UNDECLARED_SELECTOR = YES;
				GCC_WARN_UNINITIALIZED_AUTOS = YES_AGGRESSIVE;
				GCC_WARN_UNUSED_FUNCTION = YES;
				GCC_WARN_UNUSED_VARIABLE = YES;
				MACOSX_DEPLOYMENT_TARGET = 10.10;
				MTL_ENABLE_DEBUG_INFO = NO;
				SDKROOT = macosx;
			};
			name = Release;
		};
		F64E47E11BC2BF3B00BA6DC7 /* Debug */ = {
			isa = XCBuildConfiguration;
			buildSettings = {
				PRODUCT_NAME = "$(TARGET_NAME)";
			};
			name = Debug;
		};
		F64E47E21BC2BF3B00BA6DC7 /* Release */ = {
			isa = XCBuildConfiguration;
			buildSettings = {
				PRODUCT_NAME = "$(TARGET_NAME)";
			};
			name = Release;
		};
/* End XCBuildConfiguration section */

/* Begin XCConfigurationList section */
		F64E47D41BC2BF3A00BA6DC7 /* Build configuration list for PBXProject "BInaryConverter" */ = {
			isa = XCConfigurationList;
			buildConfigurations = (
				F64E47DE1BC2BF3B00BA6DC7 /* Debug */,
				F64E47DF1BC2BF3B00BA6DC7 /* Release */,
			);
			defaultConfigurationIsVisible = 0;
			defaultConfigurationName = Release;
		};
		F64E47E01BC2BF3B00BA6DC7 /* Build configuration list for PBXNativeTarget "BInaryConverter" */ = {
			isa = XCConfigurationList;
			buildConfigurations = (
				F64E47E11BC2BF3B00BA6DC7 /* Debug */,
				F64E47E21BC2BF3B00BA6DC7 /* Release */,
			);
			defaultConfigurationIsVisible = 0;
		};
/* End XCConfigurationList section */
	};
	rootObject = F64E47D11BC2BF3A00BA6DC7 /* Project object */;
}
